// !$*UTF8*$!
{
	archiveVersion = 1;
	classes = {
	};
	objectVersion = 50;
	objects = {

/* Begin PBXBuildFile section */
		C690BB37260B4B72008F5ECC /* AppDelegate.m in Sources */ = {isa = PBXBuildFile; fileRef = C690BB36260B4B72008F5ECC /* AppDelegate.m */; };
		C690BB3A260B4B72008F5ECC /* SceneDelegate.m in Sources */ = {isa = PBXBuildFile; fileRef = C690BB39260B4B72008F5ECC /* SceneDelegate.m */; };
		C690BB3D260B4B72008F5ECC /* ViewController.m in Sources */ = {isa = PBXBuildFile; fileRef = C690BB3C260B4B72008F5ECC /* ViewController.m */; };
		C690BB40260B4B72008F5ECC /* Main.storyboard in Resources */ = {isa = PBXBuildFile; fileRef = C690BB3E260B4B72008F5ECC /* Main.storyboard */; };
		C690BB42260B4B74008F5ECC /* Assets.xcassets in Resources */ = {isa = PBXBuildFile; fileRef = C690BB41260B4B74008F5ECC /* Assets.xcassets */; };
		C690BB45260B4B74008F5ECC /* LaunchScreen.storyboard in Resources */ = {isa = PBXBuildFile; fileRef = C690BB43260B4B74008F5ECC /* LaunchScreen.storyboard */; };
		C690BB48260B4B74008F5ECC /* main.m in Sources */ = {isa = PBXBuildFile; fileRef = C690BB47260B4B74008F5ECC /* main.m */; };
		C690BB52260B4B74008F5ECC /* RouterUrlMapDemoTests.m in Sources */ = {isa = PBXBuildFile; fileRef = C690BB51260B4B74008F5ECC /* RouterUrlMapDemoTests.m */; };
		C690BB5D260B4B74008F5ECC /* RouterUrlMapDemoUITests.m in Sources */ = {isa = PBXBuildFile; fileRef = C690BB5C260B4B74008F5ECC /* RouterUrlMapDemoUITests.m */; };
		C690BB6F260B4C97008F5ECC /* RouterManager.m in Sources */ = {isa = PBXBuildFile; fileRef = C690BB6E260B4C97008F5ECC /* RouterManager.m */; };
/* End PBXBuildFile section */

/* Begin PBXContainerItemProxy section */
		C690BB4E260B4B74008F5ECC /* PBXContainerItemProxy */ = {
			isa = PBXContainerItemProxy;
			containerPortal = C690BB2A260B4B72008F5ECC /* Project object */;
			proxyType = 1;
			remoteGlobalIDString = C690BB31260B4B72008F5ECC;
			remoteInfo = RouterUrlMapDemo;
		};
		C690BB59260B4B74008F5ECC /* PBXContainerItemProxy */ = {
			isa = PBXContainerItemProxy;
			containerPortal = C690BB2A260B4B72008F5ECC /* Project object */;
			proxyType = 1;
			remoteGlobalIDString = C690BB31260B4B72008F5ECC;
			remoteInfo = RouterUrlMapDemo;
		};
/* End PBXContainerItemProxy section */

/* Begin PBXFileReference section */
		C690BB32260B4B72008F5ECC /* RouterUrlMapDemo.app */ = {isa = PBXFileReference; explicitFileType = wrapper.application; includeInIndex = 0; path = RouterUrlMapDemo.app; sourceTree = BUILT_PRODUCTS_DIR; };
		C690BB35260B4B72008F5ECC /* AppDelegate.h */ = {isa = PBXFileReference; lastKnownFileType = sourcecode.c.h; path = AppDelegate.h; sourceTree = "<group>"; };
		C690BB36260B4B72008F5ECC /* AppDelegate.m */ = {isa = PBXFileReference; lastKnownFileType = sourcecode.c.objc; path = AppDelegate.m; sourceTree = "<group>"; };
		C690BB38260B4B72008F5ECC /* SceneDelegate.h */ = {isa = PBXFileReference; lastKnownFileType = sourcecode.c.h; path = SceneDelegate.h; sourceTree = "<group>"; };
		C690BB39260B4B72008F5ECC /* SceneDelegate.m */ = {isa = PBXFileReference; lastKnownFileType = sourcecode.c.objc; path = SceneDelegate.m; sourceTree = "<group>"; };
		C690BB3B260B4B72008F5ECC /* ViewController.h */ = {isa = PBXFileReference; lastKnownFileType = sourcecode.c.h; path = ViewController.h; sourceTree = "<group>"; };
		C690BB3C260B4B72008F5ECC /* ViewController.m */ = {isa = PBXFileReference; lastKnownFileType = sourcecode.c.objc; path = ViewController.m; sourceTree = "<group>"; };
		C690BB3F260B4B72008F5ECC /* Base */ = {isa = PBXFileReference; lastKnownFileType = file.storyboard; name = Base; path = Base.lproj/Main.storyboard; sourceTree = "<group>"; };
		C690BB41260B4B74008F5ECC /* Assets.xcassets */ = {isa = PBXFileReference; lastKnownFileType = folder.assetcatalog; path = Assets.xcassets; sourceTree = "<group>"; };
		C690BB44260B4B74008F5ECC /* Base */ = {isa = PBXFileReference; lastKnownFileType = file.storyboard; name = Base; path = Base.lproj/LaunchScreen.storyboard; sourceTree = "<group>"; };
		C690BB46260B4B74008F5ECC /* Info.plist */ = {isa = PBXFileReference; lastKnownFileType = text.plist.xml; path = Info.plist; sourceTree = "<group>"; };
		C690BB47260B4B74008F5ECC /* main.m */ = {isa = PBXFileReference; lastKnownFileType = sourcecode.c.objc; path = main.m; sourceTree = "<group>"; };
		C690BB4D260B4B74008F5ECC /* RouterUrlMapDemoTests.xctest */ = {isa = PBXFileReference; explicitFileType = wrapper.cfbundle; includeInIndex = 0; path = RouterUrlMapDemoTests.xctest; sourceTree = BUILT_PRODUCTS_DIR; };
		C690BB51260B4B74008F5ECC /* RouterUrlMapDemoTests.m */ = {isa = PBXFileReference; lastKnownFileType = sourcecode.c.objc; path = RouterUrlMapDemoTests.m; sourceTree = "<group>"; };
		C690BB53260B4B74008F5ECC /* Info.plist */ = {isa = PBXFileReference; lastKnownFileType = text.plist.xml; path = Info.plist; sourceTree = "<group>"; };
		C690BB58260B4B74008F5ECC /* RouterUrlMapDemoUITests.xctest */ = {isa = PBXFileReference; explicitFileType = wrapper.cfbundle; includeInIndex = 0; path = RouterUrlMapDemoUITests.xctest; sourceTree = BUILT_PRODUCTS_DIR; };
		C690BB5C260B4B74008F5ECC /* RouterUrlMapDemoUITests.m */ = {isa = PBXFileReference; lastKnownFileType = sourcecode.c.objc; path = RouterUrlMapDemoUITests.m; sourceTree = "<group>"; };
		C690BB5E260B4B74008F5ECC /* Info.plist */ = {isa = PBXFileReference; lastKnownFileType = text.plist.xml; path = Info.plist; sourceTree = "<group>"; };
		C690BB6D260B4C97008F5ECC /* RouterManager.h */ = {isa = PBXFileReference; lastKnownFileType = sourcecode.c.h; path = RouterManager.h; sourceTree = "<group>"; };
		C690BB6E260B4C97008F5ECC /* RouterManager.m */ = {isa = PBXFileReference; lastKnownFileType = sourcecode.c.objc; path = RouterManager.m; sourceTree = "<group>"; };
/* End PBXFileReference section */

/* Begin PBXFrameworksBuildPhase section */
		C690BB2F260B4B72008F5ECC /* Frameworks */ = {
			isa = PBXFrameworksBuildPhase;
			buildActionMask = 2147483647;
			files = (
			);
			runOnlyForDeploymentPostprocessing = 0;
		};
		C690BB4A260B4B74008F5ECC /* Frameworks */ = {
			isa = PBXFrameworksBuildPhase;
			buildActionMask = 2147483647;
			files = (
			);
			runOnlyForDeploymentPostprocessing = 0;
		};
		C690BB55260B4B74008F5ECC /* Frameworks */ = {
			isa = PBXFrameworksBuildPhase;
			buildActionMask = 2147483647;
			files = (
			);
			runOnlyForDeploymentPostprocessing = 0;
		};
/* End PBXFrameworksBuildPhase section */

/* Begin PBXGroup section */
		C690BB29260B4B72008F5ECC = {
			isa = PBXGroup;
			children = (
				C690BB34260B4B72008F5ECC /* RouterUrlMapDemo */,
				C690BB50260B4B74008F5ECC /* RouterUrlMapDemoTests */,
				C690BB5B260B4B74008F5ECC /* RouterUrlMapDemoUITests */,
				C690BB33260B4B72008F5ECC /* Products */,
			);
			sourceTree = "<group>";
		};
		C690BB33260B4B72008F5ECC /* Products */ = {
			isa = PBXGroup;
			children = (
				C690BB32260B4B72008F5ECC /* RouterUrlMapDemo.app */,
				C690BB4D260B4B74008F5ECC /* RouterUrlMapDemoTests.xctest */,
				C690BB58260B4B74008F5ECC /* RouterUrlMapDemoUITests.xctest */,
			);
			name = Products;
			sourceTree = "<group>";
		};
		C690BB34260B4B72008F5ECC /* RouterUrlMapDemo */ = {
			isa = PBXGroup;
			children = (
				C690BB35260B4B72008F5ECC /* AppDelegate.h */,
				C690BB36260B4B72008F5ECC /* AppDelegate.m */,
				C690BB38260B4B72008F5ECC /* SceneDelegate.h */,
				C690BB39260B4B72008F5ECC /* SceneDelegate.m */,
				C690BB3B260B4B72008F5ECC /* ViewController.h */,
				C690BB3C260B4B72008F5ECC /* ViewController.m */,
				C690BB3E260B4B72008F5ECC /* Main.storyboard */,
				C690BB41260B4B74008F5ECC /* Assets.xcassets */,
				C690BB43260B4B74008F5ECC /* LaunchScreen.storyboard */,
				C690BB46260B4B74008F5ECC /* Info.plist */,
				C690BB47260B4B74008F5ECC /* main.m */,
				C690BB6D260B4C97008F5ECC /* RouterManager.h */,
				C690BB6E260B4C97008F5ECC /* RouterManager.m */,
			);
			path = RouterUrlMapDemo;
			sourceTree = "<group>";
		};
		C690BB50260B4B74008F5ECC /* RouterUrlMapDemoTests */ = {
			isa = PBXGroup;
			children = (
				C690BB51260B4B74008F5ECC /* RouterUrlMapDemoTests.m */,
				C690BB53260B4B74008F5ECC /* Info.plist */,
			);
			path = RouterUrlMapDemoTests;
			sourceTree = "<group>";
		};
		C690BB5B260B4B74008F5ECC /* RouterUrlMapDemoUITests */ = {
			isa = PBXGroup;
			children = (
				C690BB5C260B4B74008F5ECC /* RouterUrlMapDemoUITests.m */,
				C690BB5E260B4B74008F5ECC /* Info.plist */,
			);
			path = RouterUrlMapDemoUITests;
			sourceTree = "<group>";
		};
/* End PBXGroup section */

/* Begin PBXNativeTarget section */
		C690BB31260B4B72008F5ECC /* RouterUrlMapDemo */ = {
			isa = PBXNativeTarget;
			buildConfigurationList = C690BB61260B4B74008F5ECC /* Build configuration list for PBXNativeTarget "RouterUrlMapDemo" */;
			buildPhases = (
				C690BB2E260B4B72008F5ECC /* Sources */,
				C690BB2F260B4B72008F5ECC /* Frameworks */,
				C690BB30260B4B72008F5ECC /* Resources */,
			);
			buildRules = (
			);
			dependencies = (
			);
			name = RouterUrlMapDemo;
			productName = RouterUrlMapDemo;
			productReference = C690BB32260B4B72008F5ECC /* RouterUrlMapDemo.app */;
			productType = "com.apple.product-type.application";
		};
		C690BB4C260B4B74008F5ECC /* RouterUrlMapDemoTests */ = {
			isa = PBXNativeTarget;
			buildConfigurationList = C690BB64260B4B74008F5ECC /* Build configuration list for PBXNativeTarget "RouterUrlMapDemoTests" */;
			buildPhases = (
				C690BB49260B4B74008F5ECC /* Sources */,
				C690BB4A260B4B74008F5ECC /* Frameworks */,
				C690BB4B260B4B74008F5ECC /* Resources */,
			);
			buildRules = (
			);
			dependencies = (
				C690BB4F260B4B74008F5ECC /* PBXTargetDependency */,
			);
			name = RouterUrlMapDemoTests;
			productName = RouterUrlMapDemoTests;
			productReference = C690BB4D260B4B74008F5ECC /* RouterUrlMapDemoTests.xctest */;
			productType = "com.apple.product-type.bundle.unit-test";
		};
		C690BB57260B4B74008F5ECC /* RouterUrlMapDemoUITests */ = {
			isa = PBXNativeTarget;
			buildConfigurationList = C690BB67260B4B74008F5ECC /* Build configuration list for PBXNativeTarget "RouterUrlMapDemoUITests" */;
			buildPhases = (
				C690BB54260B4B74008F5ECC /* Sources */,
				C690BB55260B4B74008F5ECC /* Frameworks */,
				C690BB56260B4B74008F5ECC /* Resources */,
			);
			buildRules = (
			);
			dependencies = (
				C690BB5A260B4B74008F5ECC /* PBXTargetDependency */,
			);
			name = RouterUrlMapDemoUITests;
			productName = RouterUrlMapDemoUITests;
			productReference = C690BB58260B4B74008F5ECC /* RouterUrlMapDemoUITests.xctest */;
			productType = "com.apple.product-type.bundle.ui-testing";
		};
/* End PBXNativeTarget section */

/* Begin PBXProject section */
		C690BB2A260B4B72008F5ECC /* Project object */ = {
			isa = PBXProject;
			attributes = {
				LastUpgradeCheck = 1210;
				TargetAttributes = {
					C690BB31260B4B72008F5ECC = {
						CreatedOnToolsVersion = 12.1;
					};
					C690BB4C260B4B74008F5ECC = {
						CreatedOnToolsVersion = 12.1;
						TestTargetID = C690BB31260B4B72008F5ECC;
					};
					C690BB57260B4B74008F5ECC = {
						CreatedOnToolsVersion = 12.1;
						TestTargetID = C690BB31260B4B72008F5ECC;
					};
				};
			};
			buildConfigurationList = C690BB2D260B4B72008F5ECC /* Build configuration list for PBXProject "RouterUrlMapDemo" */;
			compatibilityVersion = "Xcode 9.3";
			developmentRegion = en;
			hasScannedForEncodings = 0;
			knownRegions = (
				en,
				Base,
			);
			mainGroup = C690BB29260B4B72008F5ECC;
			productRefGroup = C690BB33260B4B72008F5ECC /* Products */;
			projectDirPath = "";
			projectRoot = "";
			targets = (
				C690BB31260B4B72008F5ECC /* RouterUrlMapDemo */,
				C690BB4C260B4B74008F5ECC /* RouterUrlMapDemoTests */,
				C690BB57260B4B74008F5ECC /* RouterUrlMapDemoUITests */,
			);
		};
/* End PBXProject section */

/* Begin PBXResourcesBuildPhase section */
		C690BB30260B4B72008F5ECC /* Resources */ = {
			isa = PBXResourcesBuildPhase;
			buildActionMask = 2147483647;
			files = (
				C690BB45260B4B74008F5ECC /* LaunchScreen.storyboard in Resources */,
				C690BB42260B4B74008F5ECC /* Assets.xcassets in Resources */,
				C690BB40260B4B72008F5ECC /* Main.storyboard in Resources */,
			);
			runOnlyForDeploymentPostprocessing = 0;
		};
		C690BB4B260B4B74008F5ECC /* Resources */ = {
			isa = PBXResourcesBuildPhase;
			buildActionMask = 2147483647;
			files = (
			);
			runOnlyForDeploymentPostprocessing = 0;
		};
		C690BB56260B4B74008F5ECC /* Resources */ = {
			isa = PBXResourcesBuildPhase;
			buildActionMask = 2147483647;
			files = (
			);
			runOnlyForDeploymentPostprocessing = 0;
		};
/* End PBXResourcesBuildPhase section */

/* Begin PBXSourcesBuildPhase section */
		C690BB2E260B4B72008F5ECC /* Sources */ = {
			isa = PBXSourcesBuildPhase;
			buildActionMask = 2147483647;
			files = (
				C690BB3D260B4B72008F5ECC /* ViewController.m in Sources */,
				C690BB6F260B4C97008F5ECC /* RouterManager.m in Sources */,
				C690BB37260B4B72008F5ECC /* AppDelegate.m in Sources */,
				C690BB48260B4B74008F5ECC /* main.m in Sources */,
				C690BB3A260B4B72008F5ECC /* SceneDelegate.m in Sources */,
			);
			runOnlyForDeploymentPostprocessing = 0;
		};
		C690BB49260B4B74008F5ECC /* Sources */ = {
			isa = PBXSourcesBuildPhase;
			buildActionMask = 2147483647;
			files = (
				C690BB52260B4B74008F5ECC /* RouterUrlMapDemoTests.m in Sources */,
			);
			runOnlyForDeploymentPostprocessing = 0;
		};
		C690BB54260B4B74008F5ECC /* Sources */ = {
			isa = PBXSourcesBuildPhase;
			buildActionMask = 2147483647;
			files = (
				C690BB5D260B4B74008F5ECC /* RouterUrlMapDemoUITests.m in Sources */,
			);
			runOnlyForDeploymentPostprocessing = 0;
		};
/* End PBXSourcesBuildPhase section */

/* Begin PBXTargetDependency section */
		C690BB4F260B4B74008F5ECC /* PBXTargetDependency */ = {
			isa = PBXTargetDependency;
			target = C690BB31260B4B72008F5ECC /* RouterUrlMapDemo */;
			targetProxy = C690BB4E260B4B74008F5ECC /* PBXContainerItemProxy */;
		};
		C690BB5A260B4B74008F5ECC /* PBXTargetDependency */ = {
			isa = PBXTargetDependency;
			target = C690BB31260B4B72008F5ECC /* RouterUrlMapDemo */;
			targetProxy = C690BB59260B4B74008F5ECC /* PBXContainerItemProxy */;
		};
/* End PBXTargetDependency section */

/* Begin PBXVariantGroup section */
		C690BB3E260B4B72008F5ECC /* Main.storyboard */ = {
			isa = PBXVariantGroup;
			children = (
				C690BB3F260B4B72008F5ECC /* Base */,
			);
			name = Main.storyboard;
			sourceTree = "<group>";
		};
		C690BB43260B4B74008F5ECC /* LaunchScreen.storyboard */ = {
			isa = PBXVariantGroup;
			children = (
				C690BB44260B4B74008F5ECC /* Base */,
			);
			name = LaunchScreen.storyboard;
			sourceTree = "<group>";
		};
/* End PBXVariantGroup section */

/* Begin XCBuildConfiguration section */
		C690BB5F260B4B74008F5ECC /* Debug */ = {
			isa = XCBuildConfiguration;
			buildSettings = {
				ALWAYS_SEARCH_USER_PATHS = NO;
				CLANG_ANALYZER_NONNULL = YES;
				CLANG_ANALYZER_NUMBER_OBJECT_CONVERSION = YES_AGGRESSIVE;
				CLANG_CXX_LANGUAGE_STANDARD = "gnu++14";
				CLANG_CXX_LIBRARY = "libc++";
				CLANG_ENABLE_MODULES = YES;
				CLANG_ENABLE_OBJC_ARC = YES;
				CLANG_ENABLE_OBJC_WEAK = YES;
				CLANG_WARN_BLOCK_CAPTURE_AUTORELEASING = YES;
				CLANG_WARN_BOOL_CONVERSION = YES;
				CLANG_WARN_COMMA = YES;
				CLANG_WARN_CONSTANT_CONVERSION = YES;
				CLANG_WARN_DEPRECATED_OBJC_IMPLEMENTATIONS = YES;
				CLANG_WARN_DIRECT_OBJC_ISA_USAGE = YES_ERROR;
				CLANG_WARN_DOCUMENTATION_COMMENTS = YES;
				CLANG_WARN_EMPTY_BODY = YES;
				CLANG_WARN_ENUM_CONVERSION = YES;
				CLANG_WARN_INFINITE_RECURSION = YES;
				CLANG_WARN_INT_CONVERSION = YES;
				CLANG_WARN_NON_LITERAL_NULL_CONVERSION = YES;
				CLANG_WARN_OBJC_IMPLICIT_RETAIN_SELF = YES;
				CLANG_WARN_OBJC_LITERAL_CONVERSION = YES;
				CLANG_WARN_OBJC_ROOT_CLASS = YES_ERROR;
				CLANG_WARN_QUOTED_INCLUDE_IN_FRAMEWORK_HEADER = YES;
				CLANG_WARN_RANGE_LOOP_ANALYSIS = YES;
				CLANG_WARN_STRICT_PROTOTYPES = YES;
				CLANG_WARN_SUSPICIOUS_MOVE = YES;
				CLANG_WARN_UNGUARDED_AVAILABILITY = YES_AGGRESSIVE;
				CLANG_WARN_UNREACHABLE_CODE = YES;
				CLANG_WARN__DUPLICATE_METHOD_MATCH = YES;
				COPY_PHASE_STRIP = NO;
				DEBUG_INFORMATION_FORMAT = dwarf;
				ENABLE_STRICT_OBJC_MSGSEND = YES;
				ENABLE_TESTABILITY = YES;
				GCC_C_LANGUAGE_STANDARD = gnu11;
				GCC_DYNAMIC_NO_PIC = NO;
				GCC_NO_COMMON_BLOCKS = YES;
				GCC_OPTIMIZATION_LEVEL = 0;
				GCC_PREPROCESSOR_DEFINITIONS = (
					"DEBUG=1",
					"$(inherited)",
				);
				GCC_WARN_64_TO_32_BIT_CONVERSION = YES;
				GCC_WARN_ABOUT_RETURN_TYPE = YES_ERROR;
				GCC_WARN_UNDECLARED_SELECTOR = YES;
				GCC_WARN_UNINITIALIZED_AUTOS = YES_AGGRESSIVE;
				GCC_WARN_UNUSED_FUNCTION = YES;
				GCC_WARN_UNUSED_VARIABLE = YES;
				IPHONEOS_DEPLOYMENT_TARGET = 14.1;
				MTL_ENABLE_DEBUG_INFO = INCLUDE_SOURCE;
				MTL_FAST_MATH = YES;
				ONLY_ACTIVE_ARCH = YES;
				SDKROOT = iphoneos;
			};
			name = Debug;
		};
		C690BB60260B4B74008F5ECC /* Release */ = {
			isa = XCBuildConfiguration;
			buildSettings = {
				ALWAYS_SEARCH_USER_PATHS = NO;
				CLANG_ANALYZER_NONNULL = YES;
				CLANG_ANALYZER_NUMBER_OBJECT_CONVERSION = YES_AGGRESSIVE;
				CLANG_CXX_LANGUAGE_STANDARD = "gnu++14";
				CLANG_CXX_LIBRARY = "libc++";
				CLANG_ENABLE_MODULES = YES;
				CLANG_ENABLE_OBJC_ARC = YES;
				CLANG_ENABLE_OBJC_WEAK = YES;
				CLANG_WARN_BLOCK_CAPTURE_AUTORELEASING = YES;
				CLANG_WARN_BOOL_CONVERSION = YES;
				CLANG_WARN_COMMA = YES;
				CLANG_WARN_CONSTANT_CONVERSION = YES;
				CLANG_WARN_DEPRECATED_OBJC_IMPLEMENTATIONS = YES;
				CLANG_WARN_DIRECT_OBJC_ISA_USAGE = YES_ERROR;
				CLANG_WARN_DOCUMENTATION_COMMENTS = YES;
				CLANG_WARN_EMPTY_BODY = YES;
				CLANG_WARN_ENUM_CONVERSION = YES;
				CLANG_WARN_INFINITE_RECURSION = YES;
				CLANG_WARN_INT_CONVERSION = YES;
				CLANG_WARN_NON_LITERAL_NULL_CONVERSION = YES;
				CLANG_WARN_OBJC_IMPLICIT_RETAIN_SELF = YES;
				CLANG_WARN_OBJC_LITERAL_CONVERSION = YES;
				CLANG_WARN_OBJC_ROOT_CLASS = YES_ERROR;
				CLANG_WARN_QUOTED_INCLUDE_IN_FRAMEWORK_HEADER = YES;
				CLANG_WARN_RANGE_LOOP_ANALYSIS = YES;
				CLANG_WARN_STRICT_PROTOTYPES = YES;
				CLANG_WARN_SUSPICIOUS_MOVE = YES;
				CLANG_WARN_UNGUARDED_AVAILABILITY = YES_AGGRESSIVE;
				CLANG_WARN_UNREACHABLE_CODE = YES;
				CLANG_WARN__DUPLICATE_METHOD_MATCH = YES;
				COPY_PHASE_STRIP = NO;
				DEBUG_INFORMATION_FORMAT = "dwarf-with-dsym";
				ENABLE_NS_ASSERTIONS = NO;
				ENABLE_STRICT_OBJC_MSGSEND = YES;
				GCC_C_LANGUAGE_STANDARD = gnu11;
				GCC_NO_COMMON_BLOCKS = YES;
				GCC_WARN_64_TO_32_BIT_CONVERSION = YES;
				GCC_WARN_ABOUT_RETURN_TYPE = YES_ERROR;
				GCC_WARN_UNDECLARED_SELECTOR = YES;
				GCC_WARN_UNINITIALIZED_AUTOS = YES_AGGRESSIVE;
				GCC_WARN_UNUSED_FUNCTION = YES;
				GCC_WARN_UNUSED_VARIABLE = YES;
				IPHONEOS_DEPLOYMENT_TARGET = 14.1;
				MTL_ENABLE_DEBUG_INFO = NO;
				MTL_FAST_MATH = YES;
				SDKROOT = iphoneos;
				VALIDATE_PRODUCT = YES;
			};
			name = Release;
		};
		C690BB62260B4B74008F5ECC /* Debug */ = {
			isa = XCBuildConfiguration;
			buildSettings = {
				ASSETCATALOG_COMPILER_APPICON_NAME = AppIcon;
				ASSETCATALOG_COMPILER_GLOBAL_ACCENT_COLOR_NAME = AccentColor;
				CODE_SIGN_STYLE = Automatic;
				DEVELOPMENT_TEAM = 95P5BWF687;
				INFOPLIST_FILE = RouterUrlMapDemo/Info.plist;
				LD_RUNPATH_SEARCH_PATHS = (
					"$(inherited)",
					"@executable_path/Frameworks",
				);
				PRODUCT_BUNDLE_IDENTIFIER = com.lcc.RouterUrlMapDemo;
				PRODUCT_NAME = "$(TARGET_NAME)";
				TARGETED_DEVICE_FAMILY = "1,2";
			};
			name = Debug;
		};
		C690BB63260B4B74008F5ECC /* Release */ = {
			isa = XCBuildConfiguration;
			buildSettings = {
				ASSETCATALOG_COMPILER_APPICON_NAME = AppIcon;
				ASSETCATALOG_COMPILER_GLOBAL_ACCENT_COLOR_NAME = AccentColor;
				CODE_SIGN_STYLE = Automatic;
				DEVELOPMENT_TEAM = 95P5BWF687;
				INFOPLIST_FILE = RouterUrlMapDemo/Info.plist;
				LD_RUNPATH_SEARCH_PATHS = (
					"$(inherited)",
					"@executable_path/Frameworks",
				);
				PRODUCT_BUNDLE_IDENTIFIER = com.lcc.RouterUrlMapDemo;
				PRODUCT_NAME = "$(TARGET_NAME)";
				TARGETED_DEVICE_FAMILY = "1,2";
			};
			name = Release;
		};
		C690BB65260B4B74008F5ECC /* Debug */ = {
			isa = XCBuildConfiguration;
			buildSettings = {
				BUNDLE_LOADER = "$(TEST_HOST)";
				CODE_SIGN_STYLE = Automatic;
				DEVELOPMENT_TEAM = 95P5BWF687;
				INFOPLIST_FILE = RouterUrlMapDemoTests/Info.plist;
				IPHONEOS_DEPLOYMENT_TARGET = 14.1;
				LD_RUNPATH_SEARCH_PATHS = (
					"$(inherited)",
					"@executable_path/Frameworks",
					"@loader_path/Frameworks",
				);
				PRODUCT_BUNDLE_IDENTIFIER = com.lcc.RouterUrlMapDemoTests;
				PRODUCT_NAME = "$(TARGET_NAME)";
				TARGETED_DEVICE_FAMILY = "1,2";
				TEST_HOST = "$(BUILT_PRODUCTS_DIR)/RouterUrlMapDemo.app/RouterUrlMapDemo";
			};
			name = Debug;
		};
		C690BB66260B4B74008F5ECC /* Release */ = {
			isa = XCBuildConfiguration;
			buildSettings = {
				BUNDLE_LOADER = "$(TEST_HOST)";
				CODE_SIGN_STYLE = Automatic;
				DEVELOPMENT_TEAM = 95P5BWF687;
				INFOPLIST_FILE = RouterUrlMapDemoTests/Info.plist;
				IPHONEOS_DEPLOYMENT_TARGET = 14.1;
				LD_RUNPATH_SEARCH_PATHS = (
					"$(inherited)",
					"@executable_path/Frameworks",
					"@loader_path/Frameworks",
				);
				PRODUCT_BUNDLE_IDENTIFIER = com.lcc.RouterUrlMapDemoTests;
				PRODUCT_NAME = "$(TARGET_NAME)";
				TARGETED_DEVICE_FAMILY = "1,2";
				TEST_HOST = "$(BUILT_PRODUCTS_DIR)/RouterUrlMapDemo.app/RouterUrlMapDemo";
			};
			name = Release;
		};
		C690BB68260B4B74008F5ECC /* Debug */ = {
			isa = XCBuildConfiguration;
			buildSettings = {
				CODE_SIGN_STYLE = Automatic;
				DEVELOPMENT_TEAM = 95P5BWF687;
				INFOPLIST_FILE = RouterUrlMapDemoUITests/Info.plist;
				LD_RUNPATH_SEARCH_PATHS = (
					"$(inherited)",
					"@executable_path/Frameworks",
					"@loader_path/Frameworks",
				);
				PRODUCT_BUNDLE_IDENTIFIER = com.lcc.RouterUrlMapDemoUITests;
				PRODUCT_NAME = "$(TARGET_NAME)";
				TARGETED_DEVICE_FAMILY = "1,2";
				TEST_TARGET_NAME = RouterUrlMapDemo;
			};
			name = Debug;
		};
		C690BB69260B4B74008F5ECC /* Release */ = {
			isa = XCBuildConfiguration;
			buildSettings = {
				CODE_SIGN_STYLE = Automatic;
				DEVELOPMENT_TEAM = 95P5BWF687;
				INFOPLIST_FILE = RouterUrlMapDemoUITests/Info.plist;
				LD_RUNPATH_SEARCH_PATHS = (
					"$(inherited)",
					"@executable_path/Frameworks",
					"@loader_path/Frameworks",
				);
				PRODUCT_BUNDLE_IDENTIFIER = com.lcc.RouterUrlMapDemoUITests;
				PRODUCT_NAME = "$(TARGET_NAME)";
				TARGETED_DEVICE_FAMILY = "1,2";
				TEST_TARGET_NAME = RouterUrlMapDemo;
			};
			name = Release;
		};
/* End XCBuildConfiguration section */

/* Begin XCConfigurationList section */
		C690BB2D260B4B72008F5ECC /* Build configuration list for PBXProject "RouterUrlMapDemo" */ = {
			isa = XCConfigurationList;
			buildConfigurations = (
				C690BB5F260B4B74008F5ECC /* Debug */,
				C690BB60260B4B74008F5ECC /* Release */,
			);
			defaultConfigurationIsVisible = 0;
			defaultConfigurationName = Release;
		};
		C690BB61260B4B74008F5ECC /* Build configuration list for PBXNativeTarget "RouterUrlMapDemo" */ = {
			isa = XCConfigurationList;
			buildConfigurations = (
				C690BB62260B4B74008F5ECC /* Debug */,
				C690BB63260B4B74008F5ECC /* Release */,
			);
			defaultConfigurationIsVisible = 0;
			defaultConfigurationName = Release;
		};
		C690BB64260B4B74008F5ECC /* Build configuration list for PBXNativeTarget "RouterUrlMapDemoTests" */ = {
			isa = XCConfigurationList;
			buildConfigurations = (
				C690BB65260B4B74008F5ECC /* Debug */,
				C690BB66260B4B74008F5ECC /* Release */,
			);
			defaultConfigurationIsVisible = 0;
			defaultConfigurationName = Release;
		};
		C690BB67260B4B74008F5ECC /* Build configuration list for PBXNativeTarget "RouterUrlMapDemoUITests" */ = {
			isa = XCConfigurationList;
			buildConfigurations = (
				C690BB68260B4B74008F5ECC /* Debug */,
				C690BB69260B4B74008F5ECC /* Release */,
			);
			defaultConfigurationIsVisible = 0;
			defaultConfigurationName = Release;
		};
/* End XCConfigurationList section */
	};
	rootObject = C690BB2A260B4B72008F5ECC /* Project object */;
}
